
Microsoft Visual Studio Solution File, Format Version 12.00
# Visual Studio Version 17
VisualStudioVersion = 17.8.34330.188
MinimumVisualStudioVersion = 10.0.40219.1
Project("{8BC9CEB8-8B4A-11D0-8D11-00A0C91BC942}") = "testFunction2", "testFunction2\testFunction2.vcxproj", "{BD51C91C-4D96-4B31-8FA8-3963194BE7DF}"
EndProject
Global
	GlobalSection(SolutionConfigurationPlatforms) = preSolution
		Debug|x64 = Debug|x64
		Debug|x86 = Debug|x86
		Release|x64 = Release|x64
		Release|x86 = Release|x86
	EndGlobalSection
	GlobalSection(ProjectConfigurationPlatforms) = postSolution
		{BD51C91C-4D96-4B31-8FA8-3963194BE7DF}.Debug|x64.ActiveCfg = Debug|x64
		{BD51C91C-4D96-4B31-8FA8-3963194BE7DF}.Debug|x64.Build.0 = Debug|x64
		{BD51C91C-4D96-4B31-8FA8-3963194BE7DF}.Debug|x86.ActiveCfg = Debug|Win32
		{BD51C91C-4D96-4B31-8FA8-3963194BE7DF}.Debug|x86.Build.0 = Debug|Win32
		{BD51C91C-4D96-4B31-8FA8-3963194BE7DF}.Release|x64.ActiveCfg = Release|x64
		{BD51C91C-4D96-4B31-8FA8-3963194BE7DF}.Release|x64.Build.0 = Release|x64
		{BD51C91C-4D96-4B31-8FA8-3963194BE7DF}.Release|x86.ActiveCfg = Release|Win32
		{BD51C91C-4D96-4B31-8FA8-3963194BE7DF}.Release|x86.Build.0 = Release|Win32
	EndGlobalSection
	GlobalSection(SolutionProperties) = preSolution
		HideSolutionNode = FALSE
	EndGlobalSection
	GlobalSection(ExtensibilityGlobals) = postSolution
		SolutionGuid = {3EBA13F8-652C-40BA-87D8-13356807AD7D}
	EndGlobalSection
EndGlobal
