
Microsoft Visual Studio Solution File, Format Version 12.00
# Visual Studio Version 17
VisualStudioVersion = 17.8.34330.188
MinimumVisualStudioVersion = 10.0.40219.1
Project("{8BC9CEB8-8B4A-11D0-8D11-00A0C91BC942}") = "tekrar4", "tekrar4\tekrar4.vcxproj", "{EDDEB6C2-1CAE-474B-AAA9-39537C4147BD}"
EndProject
Global
	GlobalSection(SolutionConfigurationPlatforms) = preSolution
		Debug|x64 = Debug|x64
		Debug|x86 = Debug|x86
		Release|x64 = Release|x64
		Release|x86 = Release|x86
	EndGlobalSection
	GlobalSection(ProjectConfigurationPlatforms) = postSolution
		{EDDEB6C2-1CAE-474B-AAA9-39537C4147BD}.Debug|x64.ActiveCfg = Debug|x64
		{EDDEB6C2-1CAE-474B-AAA9-39537C4147BD}.Debug|x64.Build.0 = Debug|x64
		{EDDEB6C2-1CAE-474B-AAA9-39537C4147BD}.Debug|x86.ActiveCfg = Debug|Win32
		{EDDEB6C2-1CAE-474B-AAA9-39537C4147BD}.Debug|x86.Build.0 = Debug|Win32
		{EDDEB6C2-1CAE-474B-AAA9-39537C4147BD}.Release|x64.ActiveCfg = Release|x64
		{EDDEB6C2-1CAE-474B-AAA9-39537C4147BD}.Release|x64.Build.0 = Release|x64
		{EDDEB6C2-1CAE-474B-AAA9-39537C4147BD}.Release|x86.ActiveCfg = Release|Win32
		{EDDEB6C2-1CAE-474B-AAA9-39537C4147BD}.Release|x86.Build.0 = Release|Win32
	EndGlobalSection
	GlobalSection(SolutionProperties) = preSolution
		HideSolutionNode = FALSE
	EndGlobalSection
	GlobalSection(ExtensibilityGlobals) = postSolution
		SolutionGuid = {2227058C-D5B6-4A8E-BD14-F786CF0664AE}
	EndGlobalSection
EndGlobal
