
Microsoft Visual Studio Solution File, Format Version 12.00
# Visual Studio Version 17
VisualStudioVersion = 17.8.34330.188
MinimumVisualStudioVersion = 10.0.40219.1
Project("{8BC9CEB8-8B4A-11D0-8D11-00A0C91BC942}") = "_4parametreliToplama", "_4parametreliToplama\_4parametreliToplama.vcxproj", "{0B17C49B-7757-4661-A6EB-1D60740B4723}"
EndProject
Global
	GlobalSection(SolutionConfigurationPlatforms) = preSolution
		Debug|x64 = Debug|x64
		Debug|x86 = Debug|x86
		Release|x64 = Release|x64
		Release|x86 = Release|x86
	EndGlobalSection
	GlobalSection(ProjectConfigurationPlatforms) = postSolution
		{0B17C49B-7757-4661-A6EB-1D60740B4723}.Debug|x64.ActiveCfg = Debug|x64
		{0B17C49B-7757-4661-A6EB-1D60740B4723}.Debug|x64.Build.0 = Debug|x64
		{0B17C49B-7757-4661-A6EB-1D60740B4723}.Debug|x86.ActiveCfg = Debug|Win32
		{0B17C49B-7757-4661-A6EB-1D60740B4723}.Debug|x86.Build.0 = Debug|Win32
		{0B17C49B-7757-4661-A6EB-1D60740B4723}.Release|x64.ActiveCfg = Release|x64
		{0B17C49B-7757-4661-A6EB-1D60740B4723}.Release|x64.Build.0 = Release|x64
		{0B17C49B-7757-4661-A6EB-1D60740B4723}.Release|x86.ActiveCfg = Release|Win32
		{0B17C49B-7757-4661-A6EB-1D60740B4723}.Release|x86.Build.0 = Release|Win32
	EndGlobalSection
	GlobalSection(SolutionProperties) = preSolution
		HideSolutionNode = FALSE
	EndGlobalSection
	GlobalSection(ExtensibilityGlobals) = postSolution
		SolutionGuid = {3AA47895-5DC3-4F7E-AA86-8C193C2D6C5C}
	EndGlobalSection
EndGlobal
